# THIS IS AN AUTOGENERATED FILE. DO NOT EDIT THIS FILE DIRECTLY.
# yarn lockfile v1


"@actions/core@^1.10":
  version "1.11.1"
  resolved "https://registry.yarnpkg.com/@actions/core/-/core-1.11.1.tgz#ae683aac5112438021588030efb53b1adb86f172"
  integrity sha512-hXJCSrkwfA46Vd9Z3q4cpEpHB1rL5NG04+/rbqW9d3+CSvtB1tYe8UTpAlixa1vj0m/ULglfEK2UKxMGxCxv5A==
  dependencies:
    "@actions/exec" "^1.1.1"
    "@actions/http-client" "^2.0.1"

"@actions/exec@^1.1.1":
  version "1.1.1"
  resolved "https://registry.yarnpkg.com/@actions/exec/-/exec-1.1.1.tgz#2e43f28c54022537172819a7cf886c844221a611"
  integrity sha512-+sCcHHbVdk93a0XT19ECtO/gIXoxvdsgQLzb2fE2/5sIZmWQuluYyjPQtrtTHdU1YzTZ7bAPN4sITq2xi1679w==
  dependencies:
    "@actions/io" "^1.0.1"

"@actions/github@^6.0":
  version "6.0.1"
  resolved "https://registry.yarnpkg.com/@actions/github/-/github-6.0.1.tgz#76e5f96df062c90635a7181ef45ff1c4ac21306e"
  integrity sha512-xbZVcaqD4XnQAe35qSQqskb3SqIAfRyLBrHMd/8TuL7hJSz2QtbDwnNM8zWx4zO5l2fnGtseNE3MbEvD7BxVMw==
  dependencies:
    "@actions/http-client" "^2.2.0"
    "@octokit/core" "^5.0.1"
    "@octokit/plugin-paginate-rest" "^9.2.2"
    "@octokit/plugin-rest-endpoint-methods" "^10.4.0"
    "@octokit/request" "^8.4.1"
    "@octokit/request-error" "^5.1.1"
    undici "^5.28.5"

"@actions/http-client@^2.0.1", "@actions/http-client@^2.2.0":
  version "2.2.3"
  resolved "https://registry.yarnpkg.com/@actions/http-client/-/http-client-2.2.3.tgz#31fc0b25c0e665754ed39a9f19a8611fc6dab674"
  integrity sha512-mx8hyJi/hjFvbPokCg4uRd4ZX78t+YyRPtnKWwIl+RzNaVuFpQHfmlGVfsKEJN8LwTCvL+DfVgAM04XaHkm6bA==
  dependencies:
    tunnel "^0.0.6"
    undici "^5.25.4"

"@actions/io@^1.0.1":
  version "1.1.3"
  resolved "https://registry.yarnpkg.com/@actions/io/-/io-1.1.3.tgz#4cdb6254da7962b07473ff5c335f3da485d94d71"
  integrity sha512-wi9JjgKLYS7U/z8PPbco+PvTb/nRWjeoFlJ1Qer83k/3C5PHQi28hiVdeE2kHXmIL99mQFawx8qt/JPjZilJ8Q==

"@aws-crypto/crc32@5.2.0":
  version "5.2.0"
  resolved "https://registry.yarnpkg.com/@aws-crypto/crc32/-/crc32-5.2.0.tgz#cfcc22570949c98c6689cfcbd2d693d36cdae2e1"
  integrity sha512-nLbCWqQNgUiwwtFsen1AdzAtvuLRsQS8rYgMuxCrdKf9kOssamGLuPwyTY9wyYblNr9+1XM8v6zoDTPPSIeANg==
  dependencies:
    "@aws-crypto/util" "^5.2.0"
    "@aws-sdk/types" "^3.222.0"
    tslib "^2.6.2"

"@aws-crypto/sha256-browser@5.2.0":
  version "5.2.0"
  resolved "https://registry.yarnpkg.com/@aws-crypto/sha256-browser/-/sha256-browser-5.2.0.tgz#153895ef1dba6f9fce38af550e0ef58988eb649e"
  integrity sha512-AXfN/lGotSQwu6HNcEsIASo7kWXZ5HYWvfOmSNKDsEqC4OashTp8alTmaz+F7TC2L083SFv5RdB+qU3Vs1kZqw==
  dependencies:
    "@aws-crypto/sha256-js" "^5.2.0"
    "@aws-crypto/supports-web-crypto" "^5.2.0"
    "@aws-crypto/util" "^5.2.0"
    "@aws-sdk/types" "^3.222.0"
    "@aws-sdk/util-locate-window" "^3.0.0"
    "@smithy/util-utf8" "^2.0.0"
    tslib "^2.6.2"

"@aws-crypto/sha256-js@5.2.0", "@aws-crypto/sha256-js@^5.2.0":
  version "5.2.0"
  resolved "https://registry.yarnpkg.com/@aws-crypto/sha256-js/-/sha256-js-5.2.0.tgz#c4fdb773fdbed9a664fc1a95724e206cf3860042"
  integrity sha512-FFQQyu7edu4ufvIZ+OadFpHHOt+eSTBaYaki44c+akjg7qZg9oOQeLlk77F6tSYqjDAFClrHJk9tMf0HdVyOvA==
  dependencies:
    "@aws-crypto/util" "^5.2.0"
    "@aws-sdk/types" "^3.222.0"
    tslib "^2.6.2"

"@aws-crypto/supports-web-crypto@^5.2.0":
  version "5.2.0"
  resolved "https://registry.yarnpkg.com/@aws-crypto/supports-web-crypto/-/supports-web-crypto-5.2.0.tgz#a1e399af29269be08e695109aa15da0a07b5b5fb"
  integrity sha512-iAvUotm021kM33eCdNfwIN//F77/IADDSs58i+MDaOqFrVjZo9bAal0NK7HurRuWLLpF1iLX7gbWrjHjeo+YFg==
  dependencies:
    tslib "^2.6.2"

"@aws-crypto/util@^5.2.0":
  version "5.2.0"
  resolved "https://registry.yarnpkg.com/@aws-crypto/util/-/util-5.2.0.tgz#71284c9cffe7927ddadac793c14f14886d3876da"
  integrity sha512-4RkU9EsI6ZpBve5fseQlGNUWKMa1RLPQ1dnjnQoe07ldfIzcsGb5hC5W0Dm7u423KWzawlrpbjXBrXCEv9zazQ==
  dependencies:
    "@aws-sdk/types" "^3.222.0"
    "@smithy/util-utf8" "^2.0.0"
    tslib "^2.6.2"

"@aws-sdk/client-codedeploy@^3.629.0":
  version "3.1071.0"
  resolved "https://registry.yarnpkg.com/@aws-sdk/client-codedeploy/-/client-codedeploy-3.1071.0.tgz#0253b0e08d9f5a850bf7b429381557300bdfcad2"
  integrity sha512-QuV8Vea9Z4IeEXds6R4Q1stvVE3pKP96V1/XuaOtXCsaJ6Rm+8DIcNE9fhQaDIalNxQCgASbf/Q6Pptgdxa+1g==
  dependencies:
    "@aws-crypto/sha256-browser" "5.2.0"
    "@aws-crypto/sha256-js" "5.2.0"
    "@aws-sdk/core" "^3.974.22"
    "@aws-sdk/credential-provider-node" "^3.972.57"
    "@aws-sdk/types" "^3.973.13"
    "@smithy/core" "^3.24.6"
    "@smithy/fetch-http-handler" "^5.4.6"
    "@smithy/node-http-handler" "^4.7.6"
    "@smithy/types" "^4.14.3"
    tslib "^2.6.2"

"@aws-sdk/core@^3.974.22":
  version "3.974.22"
  resolved "https://registry.yarnpkg.com/@aws-sdk/core/-/core-3.974.22.tgz#924157ab67067bf874cb883ed7d306230d5a5921"
  integrity sha512-YofH63shc6YRdXjz80BJkpJW+Bkn0Cuu2dn4Rv7s9G2Idt58tgtzQEWxrR2xVljlVfIBeUjPuULnSVYLke3sUQ==
  dependencies:
    "@aws-sdk/types" "^3.973.13"
    "@aws-sdk/xml-builder" "^3.972.30"
    "@aws/lambda-invoke-store" "^0.2.2"
    "@smithy/core" "^3.24.6"
    "@smithy/signature-v4" "^5.4.6"
    "@smithy/types" "^4.14.3"
    bowser "^2.11.0"
    tslib "^2.6.2"

"@aws-sdk/credential-provider-env@^3.972.48":
  version "3.972.48"
  resolved "https://registry.yarnpkg.com/@aws-sdk/credential-provider-env/-/credential-provider-env-3.972.48.tgz#dbbb28a6bd125674c249394574b718668172b861"
  integrity sha512-h6FEC95fbexUd6zxm4PdgS82bTcI2PRtUb2ZwMipb/Xr8bPwtf0G8rBo2jp7NA24Mbx2JA8/WingiYpA9RCCyw==
  dependencies:
    "@aws-sdk/core" "^3.974.22"
    "@aws-sdk/types" "^3.973.13"
    "@smithy/core" "^3.24.6"
    "@smithy/types" "^4.14.3"
    tslib "^2.6.2"

"@aws-sdk/credential-provider-http@^3.972.50":
  version "3.972.50"
  resolved "https://registry.yarnpkg.com/@aws-sdk/credential-provider-http/-/credential-provider-http-3.972.50.tgz#2e3360819a9c59ffc2f0ec53607eac50da0b2340"
  integrity sha512-lJO3OLpjvz5m/RSBQmsG/CEUGsvCy5ruxKwPQaOCqxqCMuyYT2BZwQUTDZVVwqQ9LrZKuK24JSa6r31hL/tvkg==
  dependencies:
    "@aws-sdk/core" "^3.974.22"
    "@aws-sdk/types" "^3.973.13"
    "@smithy/core" "^3.24.6"
    "@smithy/fetch-http-handler" "^5.4.6"
    "@smithy/node-http-handler" "^4.7.6"
    "@smithy/types" "^4.14.3"
    tslib "^2.6.2"

"@aws-sdk/credential-provider-ini@^3.972.55":
  version "3.972.55"
  resolved "https://registry.yarnpkg.com/@aws-sdk/credential-provider-ini/-/credential-provider-ini-3.972.55.tgz#ddb0c927a6f903cb02ea0f3a943a01c0fc4f3899"
  integrity sha512-TBoF4buBGYhXjdZAryayY2TrkQj2B2KfE/msG4V53XCt+w0EhEwM2JRjx8p2grJ2C6gtH5++SAwEvGMRdi0yyw==
  dependencies:
    "@aws-sdk/core" "^3.974.22"
    "@aws-sdk/credential-provider-env" "^3.972.48"
    "@aws-sdk/credential-provider-http" "^3.972.50"
    "@aws-sdk/credential-provider-login" "^3.972.54"
    "@aws-sdk/credential-provider-process" "^3.972.48"
    "@aws-sdk/credential-provider-sso" "^3.972.54"
    "@aws-sdk/credential-provider-web-identity" "^3.972.54"
    "@aws-sdk/nested-clients" "^3.997.22"
    "@aws-sdk/types" "^3.973.13"
    "@smithy/core" "^3.24.6"
    "@smithy/credential-provider-imds" "^4.3.7"
    "@smithy/types" "^4.14.3"
    tslib "^2.6.2"

"@aws-sdk/credential-provider-login@^3.972.54":
  version "3.972.54"
  resolved "https://registry.yarnpkg.com/@aws-sdk/credential-provider-login/-/credential-provider-login-3.972.54.tgz#d02f2c8549f48d7f43c757e4566214f05b207675"
  integrity sha512-hBWI3wZTdTGiuMfmPts6AWbAjFfRniOQnqx68tc2cQvRKWawFbN9wkLOVPWM1FAOyowZU73mC6Fi+rHSHNyLFw==
  dependencies:
    "@aws-sdk/core" "^3.974.22"
    "@aws-sdk/nested-clients" "^3.997.22"
    "@aws-sdk/types" "^3.973.13"
    "@smithy/core" "^3.24.6"
    "@smithy/types" "^4.14.3"
    tslib "^2.6.2"

"@aws-sdk/credential-provider-node@^3.972.57":
  version "3.972.57"
  resolved "https://registry.yarnpkg.com/@aws-sdk/credential-provider-node/-/credential-provider-node-3.972.57.tgz#0b9f16cb8814d56b86bd23a7610115fd5a2457ea"
  integrity sha512-u6dClpzNdWf1HGWz4wwhdXi1wiOofCLniM9S4BQQGlLAN9TW7VB+ld5V533GdKrYMaFeBGFqKnj0JCYvynLqwQ==
  dependencies:
    "@aws-sdk/credential-provider-env" "^3.972.48"
    "@aws-sdk/credential-provider-http" "^3.972.50"
    "@aws-sdk/credential-provider-ini" "^3.972.55"
    "@aws-sdk/credential-provider-process" "^3.972.48"
    "@aws-sdk/credential-provider-sso" "^3.972.54"
    "@aws-sdk/credential-provider-web-identity" "^3.972.54"
    "@aws-sdk/types" "^3.973.13"
    "@smithy/core" "^3.24.6"
    "@smithy/credential-provider-imds" "^4.3.7"
    "@smithy/types" "^4.14.3"
    tslib "^2.6.2"

"@aws-sdk/credential-provider-process@^3.972.48":
  version "3.972.48"
  resolved "https://registry.yarnpkg.com/@aws-sdk/credential-provider-process/-/credential-provider-process-3.972.48.tgz#7689a62a63317165263555a0fce9379fd560a0c5"
  integrity sha512-w6VZwojPt12WnEkAUy6Nu4K6sWCbBmR7QX390b0nE6vRvkXbrYr9Lq9VySGkfjiMjpUA87op+J4EgvRmtWIDoQ==
  dependencies:
    "@aws-sdk/core" "^3.974.22"
    "@aws-sdk/types" "^3.973.13"
    "@smithy/core" "^3.24.6"
    "@smithy/types" "^4.14.3"
    tslib "^2.6.2"

"@aws-sdk/credential-provider-sso@^3.972.54":
  version "3.972.54"
  resolved "https://registry.yarnpkg.com/@aws-sdk/credential-provider-sso/-/credential-provider-sso-3.972.54.tgz#4798823741c76292dd035cf5263c09a4d88b82e9"
  integrity sha512-23uZpIpF2SIFDCa1fcWa202tK4gGeyvX6GIIAjiB8WBsvsVRBMnJ/7dCxHzxf7eZT7GToJg837LDIBnZsl/VUg==
  dependencies:
    "@aws-sdk/core" "^3.974.22"
    "@aws-sdk/nested-clients" "^3.997.22"
    "@aws-sdk/token-providers" "3.1071.0"
    "@aws-sdk/types" "^3.973.13"
    "@smithy/core" "^3.24.6"
    "@smithy/types" "^4.14.3"
    tslib "^2.6.2"

"@aws-sdk/credential-provider-web-identity@^3.972.54":
  version "3.972.54"
  resolved "https://registry.yarnpkg.com/@aws-sdk/credential-provider-web-identity/-/credential-provider-web-identity-3.972.54.tgz#226d686715396b711c13a62285b229f84b1a3fa7"
  integrity sha512-0Iv5QttS6wcATlodYKgvQj6B9Db51rx7NU9fqu0PoLeS4BIgdYMc/QK4smwLwpm5RFrs02V/eLyEFp3FklvlNQ==
  dependencies:
    "@aws-sdk/core" "^3.974.22"
    "@aws-sdk/nested-clients" "^3.997.22"
    "@aws-sdk/types" "^3.973.13"
    "@smithy/core" "^3.24.6"
    "@smithy/types" "^4.14.3"
    tslib "^2.6.2"

"@aws-sdk/nested-clients@^3.997.22":
  version "3.997.22"
  resolved "https://registry.yarnpkg.com/@aws-sdk/nested-clients/-/nested-clients-3.997.22.tgz#b3ac0053daf05a399e4a1cb4a9f8d9a0484b1b85"
  integrity sha512-4IwtcYSxEIVw5hcp8ogq0CMbFNZFw7jJUetpfFUhFFeqsa1K8j2Ihg2hnxLyOp3stMZnXda6VzOmPi1AFZQXcg==
  dependencies:
    "@aws-crypto/sha256-browser" "5.2.0"
    "@aws-crypto/sha256-js" "5.2.0"
    "@aws-sdk/core" "^3.974.22"
    "@aws-sdk/signature-v4-multi-region" "^3.996.35"
    "@aws-sdk/types" "^3.973.13"
    "@smithy/core" "^3.24.6"
    "@smithy/fetch-http-handler" "^5.4.6"
    "@smithy/node-http-handler" "^4.7.6"
    "@smithy/types" "^4.14.3"
    tslib "^2.6.2"

"@aws-sdk/signature-v4-multi-region@^3.996.35":
  version "3.996.35"
  resolved "https://registry.yarnpkg.com/@aws-sdk/signature-v4-multi-region/-/signature-v4-multi-region-3.996.35.tgz#2994b9f33e84b9c74392b7495f89e5c958bda503"
  integrity sha512-6L/VWs+Wch2stHemCGTmUNqKLMzURxQDK5boNG3Jn3kAOp71meDUuS5sbObpEvFxHDq0uWeSLFDNSYsjNt+Dlg==
  dependencies:
    "@aws-sdk/types" "^3.973.13"
    "@smithy/signature-v4" "^5.4.6"
    "@smithy/types" "^4.14.3"
    tslib "^2.6.2"

"@aws-sdk/token-providers@3.1071.0":
  version "3.1071.0"
  resolved "https://registry.yarnpkg.com/@aws-sdk/token-providers/-/token-providers-3.1071.0.tgz#3302dafa1acdb097002496700160881b161a0148"
  integrity sha512-4LDW2Qob6LoLFuqYSYZq2AyTE9koSE9+i+n5UZcm10GpmQOK0zRD9L4uYlzItiTKksIWgC/qMFChAi3RvKYtMg==
  dependencies:
    "@aws-sdk/core" "^3.974.22"
    "@aws-sdk/nested-clients" "^3.997.22"
    "@aws-sdk/types" "^3.973.13"
    "@smithy/core" "^3.24.6"
    "@smithy/types" "^4.14.3"
    tslib "^2.6.2"

"@aws-sdk/types@^3.222.0", "@aws-sdk/types@^3.973.13":
  version "3.973.13"
  resolved "https://registry.yarnpkg.com/@aws-sdk/types/-/types-3.973.13.tgz#c076f611e94394a49c1bc1aeb64371ef6db4b3da"
  integrity sha512-pEHZqRkAlHfnfAU9tK+WpKv/gBNjGJrHMgA3A0iYRGyswBS2t0pfez+lWlwktb3Bqa0ovh7w/QJTFwp3fDxLNg==
  dependencies:
    "@smithy/types" "^4.14.3"
    tslib "^2.6.2"

"@aws-sdk/util-locate-window@^3.0.0":
  version "3.965.8"
  resolved "https://registry.yarnpkg.com/@aws-sdk/util-locate-window/-/util-locate-window-3.965.8.tgz#d9a6bede3c136f433441391615da68c924692487"
  integrity sha512-uUbMs1cBZPafD0ohUj6EwNf0fPZ534NvBxHox4hjX+0Rxq5paSYUem7+hi833pYrzrcnBATKIYpR02MDXT5M9g==
  dependencies:
    tslib "^2.6.2"

"@aws-sdk/xml-builder@^3.972.30":
  version "3.972.30"
  resolved "https://registry.yarnpkg.com/@aws-sdk/xml-builder/-/xml-builder-3.972.30.tgz#a52f9d8a69b1ceedb21012dd7830f098aa11102c"
  integrity sha512-StElZPEoBquWwNqw1AcfpzEyZqJvFxouG+mpDNYlcH6ZOrqd2CuIryv+8LV8gNHZUOyKyJF3Dq9vxaXEmDR9TQ==
  dependencies:
    "@smithy/types" "^4.14.3"
    fast-xml-parser "5.7.3"
    tslib "^2.6.2"

"@aws/lambda-invoke-store@^0.2.2":
  version "0.2.4"
  resolved "https://registry.yarnpkg.com/@aws/lambda-invoke-store/-/lambda-invoke-store-0.2.4.tgz#802f6a50f6b6589063ef63ba8acdee86fcb9f395"
  integrity sha512-iY8yvjE0y651BixKNPgmv1WrQc+GZ142sb0z4gYnChDDY2YqI4P/jsSopBWrKfAt7LOJAkOXt7rC/hms+WclQQ==

"@fastify/busboy@^2.0.0":
  version "2.1.1"
  resolved "https://registry.yarnpkg.com/@fastify/busboy/-/busboy-2.1.1.tgz#b9da6a878a371829a0502c9b6c1c143ef6663f4d"
  integrity sha512-vBZP4NlzfOlerQTnba4aqZoMhE/a9HY7HRqoOPaETQcSQuWEIyZMHGfVu6w9wGtGK5fED5qRs2DteVCjOH60sA==

"@nodable/entities@^2.1.0":
  version "2.2.0"
  resolved "https://registry.yarnpkg.com/@nodable/entities/-/entities-2.2.0.tgz#a1d45a992b022591b1c2b03a77935c939375b642"
  integrity sha512-9uGyhaQavEUMC8AIddIjau4NsnsXhou+j5sBAGojCM1oxmQpVKTWR/9JxABD6UAv12vpIms55fPZKFQEhG6uBg==

"@octokit/auth-token@^4.0.0":
  version "4.0.0"
  resolved "https://registry.yarnpkg.com/@octokit/auth-token/-/auth-token-4.0.0.tgz#40d203ea827b9f17f42a29c6afb93b7745ef80c7"
  integrity sha512-tY/msAuJo6ARbK6SPIxZrPBms3xPbfwBrulZe0Wtr/DIY9lje2HeV1uoebShn6mx7SjCHif6EjMvoREj+gZ+SA==

"@octokit/core@^5.0.1":
  version "5.2.2"
  resolved "https://registry.yarnpkg.com/@octokit/core/-/core-5.2.2.tgz#252805732de9b4e8e4f658d34b80c4c9b2534761"
  integrity sha512-/g2d4sW9nUDJOMz3mabVQvOGhVa4e/BN/Um7yca9Bb2XTzPPnfTWHWQg+IsEYO7M3Vx+EXvaM/I2pJWIMun1bg==
  dependencies:
    "@octokit/auth-token" "^4.0.0"
    "@octokit/graphql" "^7.1.0"
    "@octokit/request" "^8.4.1"
    "@octokit/request-error" "^5.1.1"
    "@octokit/types" "^13.0.0"
    before-after-hook "^2.2.0"
    universal-user-agent "^6.0.0"

"@octokit/endpoint@^9.0.6":
  version "9.0.6"
  resolved "https://registry.yarnpkg.com/@octokit/endpoint/-/endpoint-9.0.6.tgz#114d912108fe692d8b139cfe7fc0846dfd11b6c0"
  integrity sha512-H1fNTMA57HbkFESSt3Y9+FBICv+0jFceJFPWDePYlR/iMGrwM5ph+Dd4XRQs+8X+PUFURLQgX9ChPfhJ/1uNQw==
  dependencies:
    "@octokit/types" "^13.1.0"
    universal-user-agent "^6.0.0"

"@octokit/graphql@^7.1.0":
  version "7.1.1"
  resolved "https://registry.yarnpkg.com/@octokit/graphql/-/graphql-7.1.1.tgz#79d9f3d0c96a8fd13d64186fe5c33606d48b79cc"
  integrity sha512-3mkDltSfcDUoa176nlGoA32RGjeWjl3K7F/BwHwRMJUW/IteSa4bnSV8p2ThNkcIcZU2umkZWxwETSSCJf2Q7g==
  dependencies:
    "@octokit/request" "^8.4.1"
    "@octokit/types" "^13.0.0"
    universal-user-agent "^6.0.0"

"@octokit/openapi-types@^20.0.0":
  version "20.0.0"
  resolved "https://registry.yarnpkg.com/@octokit/openapi-types/-/openapi-types-20.0.0.tgz#9ec2daa0090eeb865ee147636e0c00f73790c6e5"
  integrity sha512-EtqRBEjp1dL/15V7WiX5LJMIxxkdiGJnabzYx5Apx4FkQIFgAfKumXeYAqqJCj1s+BMX4cPFIFC4OLCR6stlnA==

"@octokit/openapi-types@^24.2.0":
  version "24.2.0"
  resolved "https://registry.yarnpkg.com/@octokit/openapi-types/-/openapi-types-24.2.0.tgz#3d55c32eac0d38da1a7083a9c3b0cca77924f7d3"
  integrity sha512-9sIH3nSUttelJSXUrmGzl7QUBFul0/mB8HRYl3fOlgHbIWG+WnYDXU3v/2zMtAvuzZ/ed00Ei6on975FhBfzrg==

"@octokit/plugin-paginate-rest@^9.2.2":
  version "9.2.2"
  resolved "https://registry.yarnpkg.com/@octokit/plugin-paginate-rest/-/plugin-paginate-rest-9.2.2.tgz#c516bc498736bcdaa9095b9a1d10d9d0501ae831"
  integrity sha512-u3KYkGF7GcZnSD/3UP0S7K5XUFT2FkOQdcfXZGZQPGv3lm4F2Xbf71lvjldr8c1H3nNbF+33cLEkWYbokGWqiQ==
  dependencies:
    "@octokit/types" "^12.6.0"

"@octokit/plugin-rest-endpoint-methods@^10.4.0":
  version "10.4.1"
  resolved "https://registry.yarnpkg.com/@octokit/plugin-rest-endpoint-methods/-/plugin-rest-endpoint-methods-10.4.1.tgz#41ba478a558b9f554793075b2e20cd2ef973be17"
  integrity sha512-xV1b+ceKV9KytQe3zCVqjg+8GTGfDYwaT1ATU5isiUyVtlVAO3HNdzpS4sr4GBx4hxQ46s7ITtZrAsxG22+rVg==
  dependencies:
    "@octokit/types" "^12.6.0"

"@octokit/request-error@^5.1.1":
  version "5.1.1"
  resolved "https://registry.yarnpkg.com/@octokit/request-error/-/request-error-5.1.1.tgz#b9218f9c1166e68bb4d0c89b638edc62c9334805"
  integrity sha512-v9iyEQJH6ZntoENr9/yXxjuezh4My67CBSu9r6Ve/05Iu5gNgnisNWOsoJHTP6k0Rr0+HQIpnH+kyammu90q/g==
  dependencies:
    "@octokit/types" "^13.1.0"
    deprecation "^2.0.0"
    once "^1.4.0"

"@octokit/request@^8.4.1":
  version "8.4.1"
  resolved "https://registry.yarnpkg.com/@octokit/request/-/request-8.4.1.tgz#715a015ccf993087977ea4365c44791fc4572486"
  integrity sha512-qnB2+SY3hkCmBxZsR/MPCybNmbJe4KAlfWErXq+rBKkQJlbjdJeS85VI9r8UqeLYLvnAenU8Q1okM/0MBsAGXw==
  dependencies:
    "@octokit/endpoint" "^9.0.6"
    "@octokit/request-error" "^5.1.1"
    "@octokit/types" "^13.1.0"
    universal-user-agent "^6.0.0"

"@octokit/types@^12.6.0":
  version "12.6.0"
  resolved "https://registry.yarnpkg.com/@octokit/types/-/types-12.6.0.tgz#8100fb9eeedfe083aae66473bd97b15b62aedcb2"
  integrity sha512-1rhSOfRa6H9w4YwK0yrf5faDaDTb+yLyBUKOCV4xtCDB5VmIPqd/v9yr9o6SAzOAlRxMiRiCic6JVM1/kunVkw==
  dependencies:
    "@octokit/openapi-types" "^20.0.0"

"@octokit/types@^13.0.0", "@octokit/types@^13.1.0":
  version "13.10.0"
  resolved "https://registry.yarnpkg.com/@octokit/types/-/types-13.10.0.tgz#3e7c6b19c0236c270656e4ea666148c2b51fd1a3"
  integrity sha512-ifLaO34EbbPj0Xgro4G5lP5asESjwHracYJvVaPIyXMuiuXLlhic3S47cBdTb+jfODkTE5YtGCLt3Ay3+J97sA==
  dependencies:
    "@octokit/openapi-types" "^24.2.0"

"@smithy/core@^3.24.6", "@smithy/core@^3.25.1":
  version "3.25.1"
  resolved "https://registry.yarnpkg.com/@smithy/core/-/core-3.25.1.tgz#93d342dd50a82973fcbb7b562f17a6f0e2a20009"
  integrity sha512-zpDbpXBCBsxfLtG2GEUyfgvHvSFrw5CwDZSNzL0v52gx/c3oPlPbm+7W7num8xs6vyiUBn+bvYPHcQDOXZynCQ==
  dependencies:
    "@aws-crypto/crc32" "5.2.0"
    "@smithy/types" "^4.15.0"
    tslib "^2.6.2"

"@smithy/credential-provider-imds@^4.3.7":
  version "4.4.1"
  resolved "https://registry.yarnpkg.com/@smithy/credential-provider-imds/-/credential-provider-imds-4.4.1.tgz#159ac9a8af797c7951c73ad4840510acb2b678e7"
  integrity sha512-TSAF5NHgxEsllbErYWbK8aLnl5L601NGc5VYJlSPsKnf3YlkhdoBN+geGcaU00oiw2OK3QO5LA3QNXiiWhCidQ==
  dependencies:
    "@smithy/core" "^3.25.1"
    "@smithy/types" "^4.15.0"
    tslib "^2.6.2"

"@smithy/fetch-http-handler@^5.4.6":
  version "5.5.1"
  resolved "https://registry.yarnpkg.com/@smithy/fetch-http-handler/-/fetch-http-handler-5.5.1.tgz#ac333e1a210f08fd50dd1a74807420981ba7f531"
  integrity sha512-96JrD1q71anokymx9Iblb+zKmNQYNstlV/25A9ZYIJ2A0rp1r7/GZAIm0bDWSmVvz3DpNOCZuabzsiL+w0UHhw==
  dependencies:
    "@smithy/core" "^3.25.1"
    "@smithy/types" "^4.15.0"
    tslib "^2.6.2"

"@smithy/is-array-buffer@^2.2.0":
  version "2.2.0"
  resolved "https://registry.yarnpkg.com/@smithy/is-array-buffer/-/is-array-buffer-2.2.0.tgz#f84f0d9f9a36601a9ca9381688bd1b726fd39111"
  integrity sha512-GGP3O9QFD24uGeAXYUjwSTXARoqpZykHadOmA8G5vfJPK0/DC67qa//0qvqrJzL1xc8WQWX7/yc7fwudjPHPhA==
  dependencies:
    tslib "^2.6.2"

"@smithy/node-http-handler@^4.7.6":
  version "4.8.1"
  resolved "https://registry.yarnpkg.com/@smithy/node-http-handler/-/node-http-handler-4.8.1.tgz#7202ab67a2d48994e9b49a3a8cd5e1d710dbe359"
  integrity sha512-emtXvoky671puri18ETf64AFIQUGIEA093F2drXpBgB0OGnBLjcwNR3CA2mYu62IAqNsS56xa5lnTxAgPq7cjw==
  dependencies:
    "@smithy/core" "^3.25.1"
    "@smithy/types" "^4.15.0"
    tslib "^2.6.2"

"@smithy/signature-v4@^5.4.6":
  version "5.5.1"
  resolved "https://registry.yarnpkg.com/@smithy/signature-v4/-/signature-v4-5.5.1.tgz#e669088e22ded3cebc296b40e6b28cbfb37254dc"
  integrity sha512-X9rVls3En0z3NtrmguTmpRM0/NqtWUxBjal6fcAkwtsub+gOdLZ6kD+V7xhUgFMGdG14bHbZ7M5QjaRI1+DatQ==
  dependencies:
    "@smithy/core" "^3.25.1"
    "@smithy/types" "^4.15.0"
    tslib "^2.6.2"

"@smithy/types@^4.14.3", "@smithy/types@^4.15.0":
  version "4.15.0"
  resolved "https://registry.yarnpkg.com/@smithy/types/-/types-4.15.0.tgz#0346065c3e810755428df89c9a84427969931357"
  integrity sha512-Z5TAOxygoFvybJV3igo5SloFflSokHx2hu1eFA+DxDTcn+FtKxUSui+rbTRG1pAafMA888Z3MVvCWUuvCrTXjg==
  dependencies:
    tslib "^2.6.2"

"@smithy/util-buffer-from@^2.2.0":
  version "2.2.0"
  resolved "https://registry.yarnpkg.com/@smithy/util-buffer-from/-/util-buffer-from-2.2.0.tgz#6fc88585165ec73f8681d426d96de5d402021e4b"
  integrity sha512-IJdWBbTcMQ6DA0gdNhh/BwrLkDR+ADW5Kr1aZmd4k3DIF6ezMV4R2NIAmT08wQJ3yUK82thHWmC/TnK/wpMMIA==
  dependencies:
    "@smithy/is-array-buffer" "^2.2.0"
    tslib "^2.6.2"

"@smithy/util-utf8@^2.0.0":
  version "2.3.0"
  resolved "https://registry.yarnpkg.com/@smithy/util-utf8/-/util-utf8-2.3.0.tgz#dd96d7640363259924a214313c3cf16e7dd329c5"
  integrity sha512-R8Rdn8Hy72KKcebgLiv8jQcQkXoLMOGGv5uI1/k0l+snqkOzQ1R0ChUBCxWMlBsFMekWjq0wRudIweFs7sKT5A==
  dependencies:
    "@smithy/util-buffer-from" "^2.2.0"
    tslib "^2.6.2"

"@vercel/ncc@^0.38":
  version "0.38.4"
  resolved "https://registry.yarnpkg.com/@vercel/ncc/-/ncc-0.38.4.tgz#e1fb8be9e7ed33bf44c121131d4c6e95f784afac"
  integrity sha512-8LwjnlP39s08C08J5NstzriPvW1SP8Zfpp1BvC2sI35kPeZnHfxVkCwu4/+Wodgnd60UtT1n8K8zw+Mp7J9JmQ==

anynum@^1.0.1:
  version "1.0.1"
  resolved "https://registry.yarnpkg.com/anynum/-/anynum-1.0.1.tgz#2aac00e08dfad3726c1d462e60dbc2f831659a44"
  integrity sha512-N6//FLET/tXYNM/F6ABca1oH6fWB+KlTt909Le28WMDBk8oaT4vY17DCrwg2MvmuqUKt3Ni4N5dGJ/EoBgcO6A==

argparse@^2.0.1:
  version "2.0.1"
  resolved "https://registry.yarnpkg.com/argparse/-/argparse-2.0.1.tgz#246f50f3ca78a3240f6c997e8a9bd1eac49e4b38"
  integrity sha512-8+9WqebbFzpX9OR+Wa6O29asIogeRMzcGtAINdpMHHyAg10f05aSFVBbcEqGf/PXw1EjAZ+q2/bEBg3DvurK3Q==

before-after-hook@^2.2.0:
  version "2.2.3"
  resolved "https://registry.yarnpkg.com/before-after-hook/-/before-after-hook-2.2.3.tgz#c51e809c81a4e354084422b9b26bad88249c517c"
  integrity sha512-NzUnlZexiaH/46WDhANlyR2bXRopNg4F/zuSA3OpZnllCUgRaOF2znDioDWrmbNVsuZk6l9pMquQB38cfBZwkQ==

bowser@^2.11.0:
  version "2.14.1"
  resolved "https://registry.yarnpkg.com/bowser/-/bowser-2.14.1.tgz#4ea39bf31e305184522d7ad7bfd91389e4f0cb79"
  integrity sha512-tzPjzCxygAKWFOJP011oxFHs57HzIhOEracIgAePE4pqB3LikALKnSzUyU4MGs9/iCEUuHlAJTjTc5M+u7YEGg==

deprecation@^2.0.0:
  version "2.3.1"
  resolved "https://registry.yarnpkg.com/deprecation/-/deprecation-2.3.1.tgz#6368cbdb40abf3373b525ac87e4a260c3a700919"
  integrity sha512-xmHIy4F3scKVwMsQ4WnVaS8bHOx0DmVwRywosKhaILI0ywMDWPtBSku2HNxRvF7jtwDRsoEwYQSfbxj8b7RlJQ==

fast-xml-builder@^1.1.7:
  version "1.2.0"
  resolved "https://registry.yarnpkg.com/fast-xml-builder/-/fast-xml-builder-1.2.0.tgz#abd2363145a7625d9789ad96da375fabe3cff28c"
  integrity sha512-00aAWieqff+ZJhsXA4g1g7M8k+7AYoMUUHF+/zFb5U6Uv/P0Vl4QZo84/IcufzYalLuEj9928bXN9PbbFzMF0Q==
  dependencies:
    path-expression-matcher "^1.5.0"
    xml-naming "^0.1.0"

fast-xml-parser@5.7.3:
  version "5.7.3"
  resolved "https://registry.yarnpkg.com/fast-xml-parser/-/fast-xml-parser-5.7.3.tgz#309b04b08d835defc62ab657a0bb340c0e0fbe6a"
  integrity sha512-C0AaNuC+mscy6vrAQKAc/rMq+zAPHodfHGZu4sGVehvAQt/JLG1O5zEcYcXSY5zSqr4YVgxsB+pHXTq0i7eDlg==
  dependencies:
    "@nodable/entities" "^2.1.0"
    fast-xml-builder "^1.1.7"
    path-expression-matcher "^1.5.0"
    strnum "^2.2.3"

js-yaml@^4.1:
  version "4.2.0"
  resolved "https://registry.yarnpkg.com/js-yaml/-/js-yaml-4.2.0.tgz#2bd9e85682dd91bd469afb809d816043b3d49524"
  integrity sha512-ePWsvanv0DWuDRsW8dnt+R4jQ31SCRCQ7hhNcPXZPsoBZiemuZNYGf7adZdqX2D86j6rvKp3RpCxVTSb8WQlOw==
  dependencies:
    argparse "^2.0.1"

once@^1.4.0:
  version "1.4.0"
  resolved "https://registry.yarnpkg.com/once/-/once-1.4.0.tgz#583b1aa775961d4b113ac17d9c50baef9dd76bd1"
  integrity sha512-lNaJgI+2Q5URQBkccEKHTQOPaXdUxnZZElQTZY0MFUAuaEqe1E+Nyvgdz/aIyNi6Z9MzO5dv1H8n58/GELp3+w==
  dependencies:
    wrappy "1"

path-expression-matcher@^1.5.0:
  version "1.5.0"
  resolved "https://registry.yarnpkg.com/path-expression-matcher/-/path-expression-matcher-1.5.0.tgz#3b98545dc88ffebb593e2d8458d0929da9275f4a"
  integrity sha512-cbrerZV+6rvdQrrD+iGMcZFEiiSrbv9Tfdkvnusy6y0x0GKBXREFg/Y65GhIfm0tnLntThhzCnfKwp1WRjeCyQ==

strnum@^2.2.3:
  version "2.4.1"
  resolved "https://registry.yarnpkg.com/strnum/-/strnum-2.4.1.tgz#85417f683113badea0fe7e17227676f889ff7e58"
  integrity sha512-M9eUSMT2dCB2cTNPG7UYj6KuK7RJR2SN2+yCV/fTW3xzTCS6EaGZ5pSMgDIjB7r8zSfTGk+dvvn9rTjpVS9Mwg==
  dependencies:
    anynum "^1.0.1"

tslib@^2.6.2:
  version "2.8.1"
  resolved "https://registry.yarnpkg.com/tslib/-/tslib-2.8.1.tgz#612efe4ed235d567e8aba5f2a5fab70280ade83f"
  integrity sha512-oJFu94HQb+KVduSUQL7wnpmqnfmLsOA/nAh6b6EH0wCEoK0/mPeXU6c3wKDV83MkOuHPRHtSXKKU99IBazS/2w==

tunnel@^0.0.6:
  version "0.0.6"
  resolved "https://registry.yarnpkg.com/tunnel/-/tunnel-0.0.6.tgz#72f1314b34a5b192db012324df2cc587ca47f92c"
  integrity sha512-1h/Lnq9yajKY2PEbBadPXj3VxsDDu844OnaAo52UVmIzIvwwtBPIuNvkjuzBlTWpfJyUbG3ez0KSBibQkj4ojg==

undici@^5.25.4, undici@^5.28.5:
  version "5.29.0"
  resolved "https://registry.yarnpkg.com/undici/-/undici-5.29.0.tgz#419595449ae3f2cdcba3580a2e8903399bd1f5a3"
  integrity sha512-raqeBD6NQK4SkWhQzeYKd1KmIG6dllBOTt55Rmkt4HtI9mwdWtJljnrXjAFUBLTSN67HWrOIZ3EPF4kjUw80Bg==
  dependencies:
    "@fastify/busboy" "^2.0.0"

universal-user-agent@^6.0.0:
  version "6.0.1"
  resolved "https://registry.yarnpkg.com/universal-user-agent/-/universal-user-agent-6.0.1.tgz#15f20f55da3c930c57bddbf1734c6654d5fd35aa"
  integrity sha512-yCzhz6FN2wU1NiiQRogkTQszlQSlpWaw8SvVegAc+bDxbzHgh1vX8uIe8OYyMH6DwH+sdTJsgMl36+mSMdRJIQ==

wrappy@1:
  version "1.0.2"
  resolved "https://registry.yarnpkg.com/wrappy/-/wrappy-1.0.2.tgz#b5243d8f3ec1aa35f1364605bc0d1036e30ab69f"
  integrity sha512-l4Sp/DRseor9wL6EvV2+TuQn63dMkPjZ/sp9XkghTEbV9KlPS1xUsZ3u7/IQO4wxtcFB4bgpQPRcR3QCvezPcQ==

xml-naming@^0.1.0:
  version "0.1.0"
  resolved "https://registry.yarnpkg.com/xml-naming/-/xml-naming-0.1.0.tgz#8ab7106c5b8d23caa2fabac1cadf17136379fbd8"
  integrity sha512-k8KO9hrMyNk6tUWqUfkTEZbezRRpONVOzUTnc97VnCvyj6Tf9lyUR9EDAIeiVLv56jsMcoXEwjW8Kv5yPY52lw==
